# This file is autogenerated, do not edit; changes may be undone by the next 'dep ensure'.


[[projects]]
  branch = "master"
  name = "github.com/armon/go-radix"
  packages = ["."]
  revision = "1fca145dffbcaa8fe914309b1ec0cfc67500fe61"

[[projects]]
  name = "github.com/davecgh/go-spew"
  packages = ["spew"]
  revision = "346938d642f2ec3594ed81d874461961cd0faa76"
  version = "v1.1.0"

[[projects]]
  branch = "master"
  name = "github.com/dgryski/go-trigram"
  packages = ["."]
  revision = "79ec494e1ad015aca936154d0eacd715623c1b40"

[[projects]]
  name = "github.com/go-graphite/carbonzipper"
  packages = ["carbonzipperpb","carbonzipperpb3","mlog","mstats"]
  revision = "b7a336de4671b6474a5eadb306ab709b5a840c2f"
  version = "0.73.2"

[[projects]]
  name = "github.com/gogo/protobuf"
  packages = ["gogoproto","proto","protoc-gen-gogo/descriptor"]
  revision = "100ba4e885062801d56799d78530b73b178a78f3"
  version = "v0.4"

[[projects]]
  name = "github.com/lestrrat/go-file-rotatelogs"
  packages = ["."]
  revision = "9df8b44f21785240553882138c5df2e9cc1db910"
  version = "v2.1.0"

[[projects]]
  branch = "master"
  name = "github.com/lestrrat/go-strftime"
  packages = ["."]
  revision = "04ef93e285313c8978cbc7cad26d2aa7a9927451"

[[projects]]
  branch = "master"
  name = "github.com/peterbourgon/g2g"
  packages = ["."]
  revision = "0c2bab2b173d2cd9385ea6da5cec7b14b5019f11"

[[projects]]
  name = "github.com/pkg/errors"
  packages = ["."]
  revision = "645ef00459ed84a119197bfb8d8205042c6df63d"
  version = "v0.8.0"

[[projects]]
  branch = "master"
  name = "github.com/wangjohn/quickselect"
  packages = ["."]
  revision = "ed8402a42d5f52ff8d3369f179e12243906f298a"

[solve-meta]
  analyzer-name = "dep"
  analyzer-version = 1
  inputs-digest = "6765d2f25c17d340773d03743d35cfdca9bee0371f0fc1415963ed57fb8aa8a0"
  solver-name = "gps-cdcl"
  solver-version = 1
